
Microsoft Visual Studio Solution File, Format Version 12.00
# Visual Studio Version 16
VisualStudioVersion = 16.0.30406.217
MinimumVisualStudioVersion = 10.0.40219.1
Project("{9A19103F-16F7-4668-BE54-9A1E7A4F7556}") = "Core", "..\VeterinaryClinic\Core\Core.csproj", "{3BEDEDA4-34A5-4841-8255-3E6DCC2AEE97}"
EndProject
Project("{9A19103F-16F7-4668-BE54-9A1E7A4F7556}") = "DataAccess", "DataAccess\DataAccess.csproj", "{9F22FE03-D7C2-4086-8AFD-F8090986176B}"
EndProject
Project("{9A19103F-16F7-4668-BE54-9A1E7A4F7556}") = "Entities", "Entities\Entities.csproj", "{C1A4AEF3-D89D-4EF5-8EC9-985D53CD3D63}"
EndProject
Project("{9A19103F-16F7-4668-BE54-9A1E7A4F7556}") = "Business", "Business\Business.csproj", "{C7BA1D10-674E-4DF0-A675-D8B000729C57}"
EndProject
Project("{FAE04EC0-301F-11D3-BF4B-00C04F79EFBC}") = "SmartCoach.WinFormsUI", "..\SmartCoach.WindowsFormUI\VeterinaryRegistrationProgram\SmartCoach.WinFormsUI.csproj", "{BCA88044-3718-4781-9136-81A6195D570B}"
EndProject
Global
	GlobalSection(SolutionConfigurationPlatforms) = preSolution
		Debug|Any CPU = Debug|Any CPU
		Release|Any CPU = Release|Any CPU
	EndGlobalSection
	GlobalSection(ProjectConfigurationPlatforms) = postSolution
		{3BEDEDA4-34A5-4841-8255-3E6DCC2AEE97}.Debug|Any CPU.ActiveCfg = Debug|Any CPU
		{3BEDEDA4-34A5-4841-8255-3E6DCC2AEE97}.Debug|Any CPU.Build.0 = Debug|Any CPU
		{3BEDEDA4-34A5-4841-8255-3E6DCC2AEE97}.Release|Any CPU.ActiveCfg = Release|Any CPU
		{3BEDEDA4-34A5-4841-8255-3E6DCC2AEE97}.Release|Any CPU.Build.0 = Release|Any CPU
		{9F22FE03-D7C2-4086-8AFD-F8090986176B}.Debug|Any CPU.ActiveCfg = Debug|Any CPU
		{9F22FE03-D7C2-4086-8AFD-F8090986176B}.Debug|Any CPU.Build.0 = Debug|Any CPU
		{9F22FE03-D7C2-4086-8AFD-F8090986176B}.Release|Any CPU.ActiveCfg = Release|Any CPU
		{9F22FE03-D7C2-4086-8AFD-F8090986176B}.Release|Any CPU.Build.0 = Release|Any CPU
		{C1A4AEF3-D89D-4EF5-8EC9-985D53CD3D63}.Debug|Any CPU.ActiveCfg = Debug|Any CPU
		{C1A4AEF3-D89D-4EF5-8EC9-985D53CD3D63}.Debug|Any CPU.Build.0 = Debug|Any CPU
		{C1A4AEF3-D89D-4EF5-8EC9-985D53CD3D63}.Release|Any CPU.ActiveCfg = Release|Any CPU
		{C1A4AEF3-D89D-4EF5-8EC9-985D53CD3D63}.Release|Any CPU.Build.0 = Release|Any CPU
		{C7BA1D10-674E-4DF0-A675-D8B000729C57}.Debug|Any CPU.ActiveCfg = Debug|Any CPU
		{C7BA1D10-674E-4DF0-A675-D8B000729C57}.Debug|Any CPU.Build.0 = Debug|Any CPU
		{C7BA1D10-674E-4DF0-A675-D8B000729C57}.Release|Any CPU.ActiveCfg = Release|Any CPU
		{C7BA1D10-674E-4DF0-A675-D8B000729C57}.Release|Any CPU.Build.0 = Release|Any CPU
		{BCA88044-3718-4781-9136-81A6195D570B}.Debug|Any CPU.ActiveCfg = Debug|Any CPU
		{BCA88044-3718-4781-9136-81A6195D570B}.Debug|Any CPU.Build.0 = Debug|Any CPU
		{BCA88044-3718-4781-9136-81A6195D570B}.Release|Any CPU.ActiveCfg = Release|Any CPU
		{BCA88044-3718-4781-9136-81A6195D570B}.Release|Any CPU.Build.0 = Release|Any CPU
	EndGlobalSection
	GlobalSection(SolutionProperties) = preSolution
		HideSolutionNode = FALSE
	EndGlobalSection
	GlobalSection(ExtensibilityGlobals) = postSolution
		SolutionGuid = {D4A04E37-1F61-4061-96A1-15A4E5223056}
	EndGlobalSection
EndGlobal
